
Microsoft Visual Studio Solution File, Format Version 12.00
# Visual Studio Version 16
VisualStudioVersion = 16.0.28705.295
MinimumVisualStudioVersion = 10.0.40219.1
Project("{9A19103F-16F7-4668-BE54-9A1E7A4F7556}") = "MaterialComponents", "MaterialComponents\MaterialComponents.csproj", "{C84EEFFE-5181-472E-A39A-7F417F5F4CBD}"
EndProject
Project("{FAE04EC0-301F-11D3-BF4B-00C04F79EFBC}") = "RazorComponentDemos", "RazorComponentDemos\RazorComponentDemos.csproj", "{508786D6-6440-4856-B7B2-DB017FADA1F5}"
EndProject
Global
	GlobalSection(SolutionConfigurationPlatforms) = preSolution
		Debug|Any CPU = Debug|Any CPU
		Release|Any CPU = Release|Any CPU
	EndGlobalSection
	GlobalSection(ProjectConfigurationPlatforms) = postSolution
		{C84EEFFE-5181-472E-A39A-7F417F5F4CBD}.Debug|Any CPU.ActiveCfg = Debug|Any CPU
		{C84EEFFE-5181-472E-A39A-7F417F5F4CBD}.Debug|Any CPU.Build.0 = Debug|Any CPU
		{C84EEFFE-5181-472E-A39A-7F417F5F4CBD}.Release|Any CPU.ActiveCfg = Release|Any CPU
		{C84EEFFE-5181-472E-A39A-7F417F5F4CBD}.Release|Any CPU.Build.0 = Release|Any CPU
		{508786D6-6440-4856-B7B2-DB017FADA1F5}.Debug|Any CPU.ActiveCfg = Debug|Any CPU
		{508786D6-6440-4856-B7B2-DB017FADA1F5}.Debug|Any CPU.Build.0 = Debug|Any CPU
		{508786D6-6440-4856-B7B2-DB017FADA1F5}.Release|Any CPU.ActiveCfg = Release|Any CPU
		{508786D6-6440-4856-B7B2-DB017FADA1F5}.Release|Any CPU.Build.0 = Release|Any CPU
	EndGlobalSection
	GlobalSection(SolutionProperties) = preSolution
		HideSolutionNode = FALSE
	EndGlobalSection
	GlobalSection(ExtensibilityGlobals) = postSolution
		SolutionGuid = {5B1BDB3B-3797-4DBE-885F-A07632C5959A}
	EndGlobalSection
EndGlobal
